// !$*UTF8*$!
{
	archiveVersion = 1;
	classes = {
	};
	objectVersion = 50;
	objects = {

/* Begin PBXBuildFile section */
		01129D59235854D000473D1F /* AppDelegate.m in Sources */ = {isa = PBXBuildFile; fileRef = 01129D58235854D000473D1F /* AppDelegate.m */; };
		01129D5F235854D000473D1F /* Main.storyboard in Resources */ = {isa = PBXBuildFile; fileRef = 01129D5D235854D000473D1F /* Main.storyboard */; };
		01129D61235854D400473D1F /* Assets.xcassets in Resources */ = {isa = PBXBuildFile; fileRef = 01129D60235854D400473D1F /* Assets.xcassets */; };
		01129D64235854D400473D1F /* LaunchScreen.storyboard in Resources */ = {isa = PBXBuildFile; fileRef = 01129D62235854D400473D1F /* LaunchScreen.storyboard */; };
		01129D67235854D400473D1F /* main.m in Sources */ = {isa = PBXBuildFile; fileRef = 01129D66235854D400473D1F /* main.m */; };
		01129D6F2358594800473D1F /* SARootViewController.m in Sources */ = {isa = PBXBuildFile; fileRef = 01129D6E2358594800473D1F /* SARootViewController.m */; };
		01129D7B23585FA200473D1F /* UIColor+Theme.m in Sources */ = {isa = PBXBuildFile; fileRef = 01129D7A23585FA200473D1F /* UIColor+Theme.m */; };
		01129D7F235860CE00473D1F /* SABaseViewController.m in Sources */ = {isa = PBXBuildFile; fileRef = 01129D7E235860CE00473D1F /* SABaseViewController.m */; };
		01129D852358772600473D1F /* SAKuaiShouListViewController.m in Sources */ = {isa = PBXBuildFile; fileRef = 01129D842358772600473D1F /* SAKuaiShouListViewController.m */; };
		01129D8823587A3800473D1F /* SAKuaishouListCollectionViewCell.m in Sources */ = {isa = PBXBuildFile; fileRef = 01129D8723587A3800473D1F /* SAKuaishouListCollectionViewCell.m */; };
		01129D8B23587B9B00473D1F /* SAVideoFeedModel.m in Sources */ = {isa = PBXBuildFile; fileRef = 01129D8A23587B9B00473D1F /* SAVideoFeedModel.m */; };
		01129D8D2358A5BF00473D1F /* list.json in Resources */ = {isa = PBXBuildFile; fileRef = 01129D8C2358A5BE00473D1F /* list.json */; };
		01129D902358A94300473D1F /* SAVideoInfoModel.m in Sources */ = {isa = PBXBuildFile; fileRef = 01129D8F2358A94300473D1F /* SAVideoInfoModel.m */; };
		2F1391FEFCB6FA5AB0F819E7 /* libPods-SAClipsplayer.a in Frameworks */ = {isa = PBXBuildFile; fileRef = CDEC7908C24E15F53A67D761 /* libPods-SAClipsplayer.a */; };
/* End PBXBuildFile section */

/* Begin PBXFileReference section */
		01129D54235854D000473D1F /* SAClipsplayer.app */ = {isa = PBXFileReference; explicitFileType = wrapper.application; includeInIndex = 0; path = SAClipsplayer.app; sourceTree = BUILT_PRODUCTS_DIR; };
		01129D57235854D000473D1F /* AppDelegate.h */ = {isa = PBXFileReference; lastKnownFileType = sourcecode.c.h; path = AppDelegate.h; sourceTree = "<group>"; };
		01129D58235854D000473D1F /* AppDelegate.m */ = {isa = PBXFileReference; lastKnownFileType = sourcecode.c.objc; path = AppDelegate.m; sourceTree = "<group>"; };
		01129D5E235854D000473D1F /* Base */ = {isa = PBXFileReference; lastKnownFileType = file.storyboard; name = Base; path = Base.lproj/Main.storyboard; sourceTree = "<group>"; };
		01129D60235854D400473D1F /* Assets.xcassets */ = {isa = PBXFileReference; lastKnownFileType = folder.assetcatalog; path = Assets.xcassets; sourceTree = "<group>"; };
		01129D63235854D400473D1F /* Base */ = {isa = PBXFileReference; lastKnownFileType = file.storyboard; name = Base; path = Base.lproj/LaunchScreen.storyboard; sourceTree = "<group>"; };
		01129D65235854D400473D1F /* Info.plist */ = {isa = PBXFileReference; lastKnownFileType = text.plist.xml; path = Info.plist; sourceTree = "<group>"; };
		01129D66235854D400473D1F /* main.m */ = {isa = PBXFileReference; lastKnownFileType = sourcecode.c.objc; path = main.m; sourceTree = "<group>"; };
		01129D6D2358594800473D1F /* SARootViewController.h */ = {isa = PBXFileReference; lastKnownFileType = sourcecode.c.h; path = SARootViewController.h; sourceTree = "<group>"; };
		01129D6E2358594800473D1F /* SARootViewController.m */ = {isa = PBXFileReference; lastKnownFileType = sourcecode.c.objc; path = SARootViewController.m; sourceTree = "<group>"; };
		01129D7923585FA200473D1F /* UIColor+Theme.h */ = {isa = PBXFileReference; fileEncoding = 4; lastKnownFileType = sourcecode.c.h; path = "UIColor+Theme.h"; sourceTree = "<group>"; };
		01129D7A23585FA200473D1F /* UIColor+Theme.m */ = {isa = PBXFileReference; fileEncoding = 4; lastKnownFileType = sourcecode.c.objc; path = "UIColor+Theme.m"; sourceTree = "<group>"; };
		01129D7D235860CE00473D1F /* SABaseViewController.h */ = {isa = PBXFileReference; lastKnownFileType = sourcecode.c.h; path = SABaseViewController.h; sourceTree = "<group>"; };
		01129D7E235860CE00473D1F /* SABaseViewController.m */ = {isa = PBXFileReference; lastKnownFileType = sourcecode.c.objc; path = SABaseViewController.m; sourceTree = "<group>"; };
		01129D81235861E900473D1F /* PrefixHeader.pch */ = {isa = PBXFileReference; lastKnownFileType = sourcecode.c.h; path = PrefixHeader.pch; sourceTree = "<group>"; };
		01129D82235876B500473D1F /* DefineHeader.h */ = {isa = PBXFileReference; lastKnownFileType = sourcecode.c.h; path = DefineHeader.h; sourceTree = "<group>"; };
		01129D832358772600473D1F /* SAKuaiShouListViewController.h */ = {isa = PBXFileReference; lastKnownFileType = sourcecode.c.h; path = SAKuaiShouListViewController.h; sourceTree = "<group>"; };
		01129D842358772600473D1F /* SAKuaiShouListViewController.m */ = {isa = PBXFileReference; lastKnownFileType = sourcecode.c.objc; path = SAKuaiShouListViewController.m; sourceTree = "<group>"; };
		01129D8623587A3800473D1F /* SAKuaishouListCollectionViewCell.h */ = {isa = PBXFileReference; lastKnownFileType = sourcecode.c.h; path = SAKuaishouListCollectionViewCell.h; sourceTree = "<group>"; };
		01129D8723587A3800473D1F /* SAKuaishouListCollectionViewCell.m */ = {isa = PBXFileReference; lastKnownFileType = sourcecode.c.objc; path = SAKuaishouListCollectionViewCell.m; sourceTree = "<group>"; };
		01129D8923587B9B00473D1F /* SAVideoFeedModel.h */ = {isa = PBXFileReference; lastKnownFileType = sourcecode.c.h; path = SAVideoFeedModel.h; sourceTree = "<group>"; };
		01129D8A23587B9B00473D1F /* SAVideoFeedModel.m */ = {isa = PBXFileReference; lastKnownFileType = sourcecode.c.objc; path = SAVideoFeedModel.m; sourceTree = "<group>"; };
		01129D8C2358A5BE00473D1F /* list.json */ = {isa = PBXFileReference; fileEncoding = 4; lastKnownFileType = text.json; path = list.json; sourceTree = "<group>"; };
		01129D8E2358A94300473D1F /* SAVideoInfoModel.h */ = {isa = PBXFileReference; lastKnownFileType = sourcecode.c.h; path = SAVideoInfoModel.h; sourceTree = "<group>"; };
		01129D8F2358A94300473D1F /* SAVideoInfoModel.m */ = {isa = PBXFileReference; lastKnownFileType = sourcecode.c.objc; path = SAVideoInfoModel.m; sourceTree = "<group>"; };
		4EA1FA0F6B775E5BC33D3974 /* Pods-SAClipsplayer.release.xcconfig */ = {isa = PBXFileReference; includeInIndex = 1; lastKnownFileType = text.xcconfig; name = "Pods-SAClipsplayer.release.xcconfig"; path = "Pods/Target Support Files/Pods-SAClipsplayer/Pods-SAClipsplayer.release.xcconfig"; sourceTree = "<group>"; };
		6A1AF2B57E123FF1EE825A00 /* Pods-SAClipsplayer.debug.xcconfig */ = {isa = PBXFileReference; includeInIndex = 1; lastKnownFileType = text.xcconfig; name = "Pods-SAClipsplayer.debug.xcconfig"; path = "Pods/Target Support Files/Pods-SAClipsplayer/Pods-SAClipsplayer.debug.xcconfig"; sourceTree = "<group>"; };
		CDEC7908C24E15F53A67D761 /* libPods-SAClipsplayer.a */ = {isa = PBXFileReference; explicitFileType = archive.ar; includeInIndex = 0; path = "libPods-SAClipsplayer.a"; sourceTree = BUILT_PRODUCTS_DIR; };
/* End PBXFileReference section */

/* Begin PBXFrameworksBuildPhase section */
		01129D51235854D000473D1F /* Frameworks */ = {
			isa = PBXFrameworksBuildPhase;
			buildActionMask = 2147483647;
			files = (
				2F1391FEFCB6FA5AB0F819E7 /* libPods-SAClipsplayer.a in Frameworks */,
			);
			runOnlyForDeploymentPostprocessing = 0;
		};
/* End PBXFrameworksBuildPhase section */

/* Begin PBXGroup section */
		01129D4B235854D000473D1F = {
			isa = PBXGroup;
			children = (
				01129D56235854D000473D1F /* SAClipsplayer */,
				01129D55235854D000473D1F /* Products */,
				471DC37BD87AB7B60FA6267E /* Pods */,
				3A35CA496F8CC4DFFE67E878 /* Frameworks */,
			);
			sourceTree = "<group>";
		};
		01129D55235854D000473D1F /* Products */ = {
			isa = PBXGroup;
			children = (
				01129D54235854D000473D1F /* SAClipsplayer.app */,
			);
			name = Products;
			sourceTree = "<group>";
		};
		01129D56235854D000473D1F /* SAClipsplayer */ = {
			isa = PBXGroup;
			children = (
				01129D8C2358A5BE00473D1F /* list.json */,
				01129D7623585F2C00473D1F /* ThirdParty */,
				01129D802358610100473D1F /* Utility */,
				01129D7C235860BF00473D1F /* Base */,
				01129D7523585F2500473D1F /* Common */,
				01129D7023585F1600473D1F /* Modules */,
				01129D57235854D000473D1F /* AppDelegate.h */,
				01129D58235854D000473D1F /* AppDelegate.m */,
				01129D5D235854D000473D1F /* Main.storyboard */,
				01129D60235854D400473D1F /* Assets.xcassets */,
				01129D62235854D400473D1F /* LaunchScreen.storyboard */,
				01129D65235854D400473D1F /* Info.plist */,
				01129D66235854D400473D1F /* main.m */,
				01129D6D2358594800473D1F /* SARootViewController.h */,
				01129D6E2358594800473D1F /* SARootViewController.m */,
			);
			path = SAClipsplayer;
			sourceTree = "<group>";
		};
		01129D7023585F1600473D1F /* Modules */ = {
			isa = PBXGroup;
			children = (
				01129D7123585F1600473D1F /* Kuaishou */,
			);
			path = Modules;
			sourceTree = "<group>";
		};
		01129D7123585F1600473D1F /* Kuaishou */ = {
			isa = PBXGroup;
			children = (
				01129D7223585F1600473D1F /* Controller */,
				01129D7323585F1600473D1F /* Model */,
				01129D7423585F1600473D1F /* View */,
			);
			path = Kuaishou;
			sourceTree = "<group>";
		};
		01129D7223585F1600473D1F /* Controller */ = {
			isa = PBXGroup;
			children = (
				01129D832358772600473D1F /* SAKuaiShouListViewController.h */,
				01129D842358772600473D1F /* SAKuaiShouListViewController.m */,
			);
			path = Controller;
			sourceTree = "<group>";
		};
		01129D7323585F1600473D1F /* Model */ = {
			isa = PBXGroup;
			children = (
				01129D8923587B9B00473D1F /* SAVideoFeedModel.h */,
				01129D8A23587B9B00473D1F /* SAVideoFeedModel.m */,
				01129D8E2358A94300473D1F /* SAVideoInfoModel.h */,
				01129D8F2358A94300473D1F /* SAVideoInfoModel.m */,
			);
			path = Model;
			sourceTree = "<group>";
		};
		01129D7423585F1600473D1F /* View */ = {
			isa = PBXGroup;
			children = (
				01129D8623587A3800473D1F /* SAKuaishouListCollectionViewCell.h */,
				01129D8723587A3800473D1F /* SAKuaishouListCollectionViewCell.m */,
			);
			path = View;
			sourceTree = "<group>";
		};
		01129D7523585F2500473D1F /* Common */ = {
			isa = PBXGroup;
			children = (
				01129D7823585F6C00473D1F /* Category */,
			);
			path = Common;
			sourceTree = "<group>";
		};
		01129D7623585F2C00473D1F /* ThirdParty */ = {
			isa = PBXGroup;
			children = (
				01129D7723585F2C00473D1F /* SAClipsVideoPlayer */,
			);
			path = ThirdParty;
			sourceTree = "<group>";
		};
		01129D7723585F2C00473D1F /* SAClipsVideoPlayer */ = {
			isa = PBXGroup;
			children = (
			);
			path = SAClipsVideoPlayer;
			sourceTree = "<group>";
		};
		01129D7823585F6C00473D1F /* Category */ = {
			isa = PBXGroup;
			children = (
				01129D7923585FA200473D1F /* UIColor+Theme.h */,
				01129D7A23585FA200473D1F /* UIColor+Theme.m */,
			);
			path = Category;
			sourceTree = "<group>";
		};
		01129D7C235860BF00473D1F /* Base */ = {
			isa = PBXGroup;
			children = (
				01129D7D235860CE00473D1F /* SABaseViewController.h */,
				01129D7E235860CE00473D1F /* SABaseViewController.m */,
			);
			path = Base;
			sourceTree = "<group>";
		};
		01129D802358610100473D1F /* Utility */ = {
			isa = PBXGroup;
			children = (
				01129D81235861E900473D1F /* PrefixHeader.pch */,
				01129D82235876B500473D1F /* DefineHeader.h */,
			);
			path = Utility;
			sourceTree = "<group>";
		};
		3A35CA496F8CC4DFFE67E878 /* Frameworks */ = {
			isa = PBXGroup;
			children = (
				CDEC7908C24E15F53A67D761 /* libPods-SAClipsplayer.a */,
			);
			name = Frameworks;
			sourceTree = "<group>";
		};
		471DC37BD87AB7B60FA6267E /* Pods */ = {
			isa = PBXGroup;
			children = (
				6A1AF2B57E123FF1EE825A00 /* Pods-SAClipsplayer.debug.xcconfig */,
				4EA1FA0F6B775E5BC33D3974 /* Pods-SAClipsplayer.release.xcconfig */,
			);
			name = Pods;
			sourceTree = "<group>";
		};
/* End PBXGroup section */

/* Begin PBXNativeTarget section */
		01129D53235854D000473D1F /* SAClipsplayer */ = {
			isa = PBXNativeTarget;
			buildConfigurationList = 01129D6A235854D400473D1F /* Build configuration list for PBXNativeTarget "SAClipsplayer" */;
			buildPhases = (
				486A5075BDA000171CD97728 /* [CP] Check Pods Manifest.lock */,
				01129D50235854D000473D1F /* Sources */,
				01129D51235854D000473D1F /* Frameworks */,
				01129D52235854D000473D1F /* Resources */,
			);
			buildRules = (
			);
			dependencies = (
			);
			name = SAClipsplayer;
			productName = SAClipsplayer;
			productReference = 01129D54235854D000473D1F /* SAClipsplayer.app */;
			productType = "com.apple.product-type.application";
		};
/* End PBXNativeTarget section */

/* Begin PBXProject section */
		01129D4C235854D000473D1F /* Project object */ = {
			isa = PBXProject;
			attributes = {
				CLASSPREFIX = SA;
				LastUpgradeCheck = 1020;
				ORGANIZATIONNAME = kpIng;
				TargetAttributes = {
					01129D53235854D000473D1F = {
						CreatedOnToolsVersion = 10.2;
					};
				};
			};
			buildConfigurationList = 01129D4F235854D000473D1F /* Build configuration list for PBXProject "SAClipsplayer" */;
			compatibilityVersion = "Xcode 9.3";
			developmentRegion = en;
			hasScannedForEncodings = 0;
			knownRegions = (
				en,
				Base,
			);
			mainGroup = 01129D4B235854D000473D1F;
			productRefGroup = 01129D55235854D000473D1F /* Products */;
			projectDirPath = "";
			projectRoot = "";
			targets = (
				01129D53235854D000473D1F /* SAClipsplayer */,
			);
		};
/* End PBXProject section */

/* Begin PBXResourcesBuildPhase section */
		01129D52235854D000473D1F /* Resources */ = {
			isa = PBXResourcesBuildPhase;
			buildActionMask = 2147483647;
			files = (
				01129D64235854D400473D1F /* LaunchScreen.storyboard in Resources */,
				01129D8D2358A5BF00473D1F /* list.json in Resources */,
				01129D61235854D400473D1F /* Assets.xcassets in Resources */,
				01129D5F235854D000473D1F /* Main.storyboard in Resources */,
			);
			runOnlyForDeploymentPostprocessing = 0;
		};
/* End PBXResourcesBuildPhase section */

/* Begin PBXShellScriptBuildPhase section */
		486A5075BDA000171CD97728 /* [CP] Check Pods Manifest.lock */ = {
			isa = PBXShellScriptBuildPhase;
			buildActionMask = 2147483647;
			files = (
			);
			inputFileListPaths = (
			);
			inputPaths = (
				"${PODS_PODFILE_DIR_PATH}/Podfile.lock",
				"${PODS_ROOT}/Manifest.lock",
			);
			name = "[CP] Check Pods Manifest.lock";
			outputFileListPaths = (
			);
			outputPaths = (
				"$(DERIVED_FILE_DIR)/Pods-SAClipsplayer-checkManifestLockResult.txt",
			);
			runOnlyForDeploymentPostprocessing = 0;
			shellPath = /bin/sh;
			shellScript = "diff \"${PODS_PODFILE_DIR_PATH}/Podfile.lock\" \"${PODS_ROOT}/Manifest.lock\" > /dev/null\nif [ $? != 0 ] ; then\n    # print error to STDERR\n    echo \"error: The sandbox is not in sync with the Podfile.lock. Run 'pod install' or update your CocoaPods installation.\" >&2\n    exit 1\nfi\n# This output is used by Xcode 'outputs' to avoid re-running this script phase.\necho \"SUCCESS\" > \"${SCRIPT_OUTPUT_FILE_0}\"\n";
			showEnvVarsInLog = 0;
		};
/* End PBXShellScriptBuildPhase section */

/* Begin PBXSourcesBuildPhase section */
		01129D50235854D000473D1F /* Sources */ = {
			isa = PBXSourcesBuildPhase;
			buildActionMask = 2147483647;
			files = (
				01129D6F2358594800473D1F /* SARootViewController.m in Sources */,
				01129D7F235860CE00473D1F /* SABaseViewController.m in Sources */,
				01129D7B23585FA200473D1F /* UIColor+Theme.m in Sources */,
				01129D902358A94300473D1F /* SAVideoInfoModel.m in Sources */,
				01129D852358772600473D1F /* SAKuaiShouListViewController.m in Sources */,
				01129D8823587A3800473D1F /* SAKuaishouListCollectionViewCell.m in Sources */,
				01129D8B23587B9B00473D1F /* SAVideoFeedModel.m in Sources */,
				01129D67235854D400473D1F /* main.m in Sources */,
				01129D59235854D000473D1F /* AppDelegate.m in Sources */,
			);
			runOnlyForDeploymentPostprocessing = 0;
		};
/* End PBXSourcesBuildPhase section */

/* Begin PBXVariantGroup section */
		01129D5D235854D000473D1F /* Main.storyboard */ = {
			isa = PBXVariantGroup;
			children = (
				01129D5E235854D000473D1F /* Base */,
			);
			name = Main.storyboard;
			sourceTree = "<group>";
		};
		01129D62235854D400473D1F /* LaunchScreen.storyboard */ = {
			isa = PBXVariantGroup;
			children = (
				01129D63235854D400473D1F /* Base */,
			);
			name = LaunchScreen.storyboard;
			sourceTree = "<group>";
		};
/* End PBXVariantGroup section */

/* Begin XCBuildConfiguration section */
		01129D68235854D400473D1F /* Debug */ = {
			isa = XCBuildConfiguration;
			buildSettings = {
				ALWAYS_SEARCH_USER_PATHS = NO;
				CLANG_ANALYZER_NONNULL = YES;
				CLANG_ANALYZER_NUMBER_OBJECT_CONVERSION = YES_AGGRESSIVE;
				CLANG_CXX_LANGUAGE_STANDARD = "gnu++14";
				CLANG_CXX_LIBRARY = "libc++";
				CLANG_ENABLE_MODULES = YES;
				CLANG_ENABLE_OBJC_ARC = YES;
				CLANG_ENABLE_OBJC_WEAK = YES;
				CLANG_WARN_BLOCK_CAPTURE_AUTORELEASING = YES;
				CLANG_WARN_BOOL_CONVERSION = YES;
				CLANG_WARN_COMMA = YES;
				CLANG_WARN_CONSTANT_CONVERSION = YES;
				CLANG_WARN_DEPRECATED_OBJC_IMPLEMENTATIONS = YES;
				CLANG_WARN_DIRECT_OBJC_ISA_USAGE = YES_ERROR;
				CLANG_WARN_DOCUMENTATION_COMMENTS = YES;
				CLANG_WARN_EMPTY_BODY = YES;
				CLANG_WARN_ENUM_CONVERSION = YES;
				CLANG_WARN_INFINITE_RECURSION = YES;
				CLANG_WARN_INT_CONVERSION = YES;
				CLANG_WARN_NON_LITERAL_NULL_CONVERSION = YES;
				CLANG_WARN_OBJC_IMPLICIT_RETAIN_SELF = YES;
				CLANG_WARN_OBJC_LITERAL_CONVERSION = YES;
				CLANG_WARN_OBJC_ROOT_CLASS = YES_ERROR;
				CLANG_WARN_RANGE_LOOP_ANALYSIS = YES;
				CLANG_WARN_STRICT_PROTOTYPES = YES;
				CLANG_WARN_SUSPICIOUS_MOVE = YES;
				CLANG_WARN_UNGUARDED_AVAILABILITY = YES_AGGRESSIVE;
				CLANG_WARN_UNREACHABLE_CODE = YES;
				CLANG_WARN__DUPLICATE_METHOD_MATCH = YES;
				CODE_SIGN_IDENTITY = "iPhone Developer";
				COPY_PHASE_STRIP = NO;
				DEBUG_INFORMATION_FORMAT = dwarf;
				ENABLE_STRICT_OBJC_MSGSEND = YES;
				ENABLE_TESTABILITY = YES;
				GCC_C_LANGUAGE_STANDARD = gnu11;
				GCC_DYNAMIC_NO_PIC = NO;
				GCC_NO_COMMON_BLOCKS = YES;
				GCC_OPTIMIZATION_LEVEL = 0;
				GCC_PREPROCESSOR_DEFINITIONS = (
					"DEBUG=1",
					"$(inherited)",
				);
				GCC_WARN_64_TO_32_BIT_CONVERSION = YES;
				GCC_WARN_ABOUT_RETURN_TYPE = YES_ERROR;
				GCC_WARN_UNDECLARED_SELECTOR = YES;
				GCC_WARN_UNINITIALIZED_AUTOS = YES_AGGRESSIVE;
				GCC_WARN_UNUSED_FUNCTION = YES;
				GCC_WARN_UNUSED_VARIABLE = YES;
				IPHONEOS_DEPLOYMENT_TARGET = 12.2;
				MTL_ENABLE_DEBUG_INFO = INCLUDE_SOURCE;
				MTL_FAST_MATH = YES;
				ONLY_ACTIVE_ARCH = YES;
				SDKROOT = iphoneos;
			};
			name = Debug;
		};
		01129D69235854D400473D1F /* Release */ = {
			isa = XCBuildConfiguration;
			buildSettings = {
				ALWAYS_SEARCH_USER_PATHS = NO;
				CLANG_ANALYZER_NONNULL = YES;
				CLANG_ANALYZER_NUMBER_OBJECT_CONVERSION = YES_AGGRESSIVE;
				CLANG_CXX_LANGUAGE_STANDARD = "gnu++14";
				CLANG_CXX_LIBRARY = "libc++";
				CLANG_ENABLE_MODULES = YES;
				CLANG_ENABLE_OBJC_ARC = YES;
				CLANG_ENABLE_OBJC_WEAK = YES;
				CLANG_WARN_BLOCK_CAPTURE_AUTORELEASING = YES;
				CLANG_WARN_BOOL_CONVERSION = YES;
				CLANG_WARN_COMMA = YES;
				CLANG_WARN_CONSTANT_CONVERSION = YES;
				CLANG_WARN_DEPRECATED_OBJC_IMPLEMENTATIONS = YES;
				CLANG_WARN_DIRECT_OBJC_ISA_USAGE = YES_ERROR;
				CLANG_WARN_DOCUMENTATION_COMMENTS = YES;
				CLANG_WARN_EMPTY_BODY = YES;
				CLANG_WARN_ENUM_CONVERSION = YES;
				CLANG_WARN_INFINITE_RECURSION = YES;
				CLANG_WARN_INT_CONVERSION = YES;
				CLANG_WARN_NON_LITERAL_NULL_CONVERSION = YES;
				CLANG_WARN_OBJC_IMPLICIT_RETAIN_SELF = YES;
				CLANG_WARN_OBJC_LITERAL_CONVERSION = YES;
				CLANG_WARN_OBJC_ROOT_CLASS = YES_ERROR;
				CLANG_WARN_RANGE_LOOP_ANALYSIS = YES;
				CLANG_WARN_STRICT_PROTOTYPES = YES;
				CLANG_WARN_SUSPICIOUS_MOVE = YES;
				CLANG_WARN_UNGUARDED_AVAILABILITY = YES_AGGRESSIVE;
				CLANG_WARN_UNREACHABLE_CODE = YES;
				CLANG_WARN__DUPLICATE_METHOD_MATCH = YES;
				CODE_SIGN_IDENTITY = "iPhone Developer";
				COPY_PHASE_STRIP = NO;
				DEBUG_INFORMATION_FORMAT = "dwarf-with-dsym";
				ENABLE_NS_ASSERTIONS = NO;
				ENABLE_STRICT_OBJC_MSGSEND = YES;
				GCC_C_LANGUAGE_STANDARD = gnu11;
				GCC_NO_COMMON_BLOCKS = YES;
				GCC_WARN_64_TO_32_BIT_CONVERSION = YES;
				GCC_WARN_ABOUT_RETURN_TYPE = YES_ERROR;
				GCC_WARN_UNDECLARED_SELECTOR = YES;
				GCC_WARN_UNINITIALIZED_AUTOS = YES_AGGRESSIVE;
				GCC_WARN_UNUSED_FUNCTION = YES;
				GCC_WARN_UNUSED_VARIABLE = YES;
				IPHONEOS_DEPLOYMENT_TARGET = 12.2;
				MTL_ENABLE_DEBUG_INFO = NO;
				MTL_FAST_MATH = YES;
				SDKROOT = iphoneos;
				VALIDATE_PRODUCT = YES;
			};
			name = Release;
		};
		01129D6B235854D400473D1F /* Debug */ = {
			isa = XCBuildConfiguration;
			baseConfigurationReference = 6A1AF2B57E123FF1EE825A00 /* Pods-SAClipsplayer.debug.xcconfig */;
			buildSettings = {
				ASSETCATALOG_COMPILER_APPICON_NAME = AppIcon;
				CODE_SIGN_STYLE = Automatic;
				DEVELOPMENT_TEAM = 5T53YJ476H;
				GCC_PREFIX_HEADER = /Users/zhangzheng/Desktop/SAClipsplayer/SAClipsplayer/SAClipsplayer/Utility/PrefixHeader.pch;
				INFOPLIST_FILE = SAClipsplayer/Info.plist;
				IPHONEOS_DEPLOYMENT_TARGET = 10.0;
				LD_RUNPATH_SEARCH_PATHS = (
					"$(inherited)",
					"@executable_path/Frameworks",
				);
				PRODUCT_BUNDLE_IDENTIFIER = com.sarfuter.one.SAClipsplayer;
				PRODUCT_NAME = "$(TARGET_NAME)";
				TARGETED_DEVICE_FAMILY = "1,2";
			};
			name = Debug;
		};
		01129D6C235854D400473D1F /* Release */ = {
			isa = XCBuildConfiguration;
			baseConfigurationReference = 4EA1FA0F6B775E5BC33D3974 /* Pods-SAClipsplayer.release.xcconfig */;
			buildSettings = {
				ASSETCATALOG_COMPILER_APPICON_NAME = AppIcon;
				CODE_SIGN_STYLE = Automatic;
				DEVELOPMENT_TEAM = 5T53YJ476H;
				GCC_PREFIX_HEADER = /Users/zhangzheng/Desktop/SAClipsplayer/SAClipsplayer/SAClipsplayer/Utility/PrefixHeader.pch;
				INFOPLIST_FILE = SAClipsplayer/Info.plist;
				IPHONEOS_DEPLOYMENT_TARGET = 10.0;
				LD_RUNPATH_SEARCH_PATHS = (
					"$(inherited)",
					"@executable_path/Frameworks",
				);
				PRODUCT_BUNDLE_IDENTIFIER = com.sarfuter.one.SAClipsplayer;
				PRODUCT_NAME = "$(TARGET_NAME)";
				TARGETED_DEVICE_FAMILY = "1,2";
			};
			name = Release;
		};
/* End XCBuildConfiguration section */

/* Begin XCConfigurationList section */
		01129D4F235854D000473D1F /* Build configuration list for PBXProject "SAClipsplayer" */ = {
			isa = XCConfigurationList;
			buildConfigurations = (
				01129D68235854D400473D1F /* Debug */,
				01129D69235854D400473D1F /* Release */,
			);
			defaultConfigurationIsVisible = 0;
			defaultConfigurationName = Release;
		};
		01129D6A235854D400473D1F /* Build configuration list for PBXNativeTarget "SAClipsplayer" */ = {
			isa = XCConfigurationList;
			buildConfigurations = (
				01129D6B235854D400473D1F /* Debug */,
				01129D6C235854D400473D1F /* Release */,
			);
			defaultConfigurationIsVisible = 0;
			defaultConfigurationName = Release;
		};
/* End XCConfigurationList section */
	};
	rootObject = 01129D4C235854D000473D1F /* Project object */;
}
